
Microsoft Visual Studio Solution File, Format Version 12.00
# Visual Studio Version 16
VisualStudioVersion = 16.0.30002.166
MinimumVisualStudioVersion = 10.0.40219.1
Project("{FAE04EC0-301F-11D3-BF4B-00C04F79EFBC}") = "Project5_trangdocbao", "Project5_trangdocbao\Project5_trangdocbao.csproj", "{C3CE8361-BAEF-4660-BB8D-AB2E132E4E49}"
EndProject
Project("{FAE04EC0-301F-11D3-BF4B-00C04F79EFBC}") = "Model", "Model\Model.csproj", "{9C63E6C9-474A-47DC-A985-52D6CF98000C}"
EndProject
Global
	GlobalSection(SolutionConfigurationPlatforms) = preSolution
		Debug|Any CPU = Debug|Any CPU
		Release|Any CPU = Release|Any CPU
	EndGlobalSection
	GlobalSection(ProjectConfigurationPlatforms) = postSolution
		{C3CE8361-BAEF-4660-BB8D-AB2E132E4E49}.Debug|Any CPU.ActiveCfg = Debug|Any CPU
		{C3CE8361-BAEF-4660-BB8D-AB2E132E4E49}.Debug|Any CPU.Build.0 = Debug|Any CPU
		{C3CE8361-BAEF-4660-BB8D-AB2E132E4E49}.Release|Any CPU.ActiveCfg = Release|Any CPU
		{C3CE8361-BAEF-4660-BB8D-AB2E132E4E49}.Release|Any CPU.Build.0 = Release|Any CPU
		{9C63E6C9-474A-47DC-A985-52D6CF98000C}.Debug|Any CPU.ActiveCfg = Debug|Any CPU
		{9C63E6C9-474A-47DC-A985-52D6CF98000C}.Debug|Any CPU.Build.0 = Debug|Any CPU
		{9C63E6C9-474A-47DC-A985-52D6CF98000C}.Release|Any CPU.ActiveCfg = Release|Any CPU
		{9C63E6C9-474A-47DC-A985-52D6CF98000C}.Release|Any CPU.Build.0 = Release|Any CPU
	EndGlobalSection
	GlobalSection(SolutionProperties) = preSolution
		HideSolutionNode = FALSE
	EndGlobalSection
	GlobalSection(ExtensibilityGlobals) = postSolution
		SolutionGuid = {393B03B6-143D-44C7-A90C-AA386109E235}
	EndGlobalSection
EndGlobal
